
Microsoft Visual Studio Solution File, Format Version 12.00
# Visual Studio Version 17
VisualStudioVersion = 17.14.36301.6 d17.14
MinimumVisualStudioVersion = 10.0.40219.1
Project("{FAE04EC0-301F-11D3-BF4B-00C04F79EFBC}") = "Gestion.API", "Gestion.API.csproj", "{C9DB4044-9CF8-4490-BB67-DF197BB64327}"
EndProject
Project("{FAE04EC0-301F-11D3-BF4B-00C04F79EFBC}") = "Gestion.Modelos", "..\Gestion.Modelos\Gestion.Modelos.csproj", "{1F8B39DC-D6A2-490B-BDE1-3D3F5E7F3609}"
EndProject
Project("{FAE04EC0-301F-11D3-BF4B-00C04F79EFBC}") = "Gestion.API.Consummer", "..\Gestion.API.Consummer\Gestion.API.Consummer.csproj", "{C86DC371-92B8-40BA-A6B5-32D897E2522C}"
EndProject
Project("{FAE04EC0-301F-11D3-BF4B-00C04F79EFBC}") = "Gestion.MVC", "..\Gestion.MVC\Gestion.MVC.csproj", "{0BE8E1BC-458D-4CA2-B6A9-856C334379EA}"
EndProject
Global
	GlobalSection(SolutionConfigurationPlatforms) = preSolution
		Debug|Any CPU = Debug|Any CPU
		Release|Any CPU = Release|Any CPU
	EndGlobalSection
	GlobalSection(ProjectConfigurationPlatforms) = postSolution
		{C9DB4044-9CF8-4490-BB67-DF197BB64327}.Debug|Any CPU.ActiveCfg = Debug|Any CPU
		{C9DB4044-9CF8-4490-BB67-DF197BB64327}.Debug|Any CPU.Build.0 = Debug|Any CPU
		{C9DB4044-9CF8-4490-BB67-DF197BB64327}.Release|Any CPU.ActiveCfg = Release|Any CPU
		{C9DB4044-9CF8-4490-BB67-DF197BB64327}.Release|Any CPU.Build.0 = Release|Any CPU
		{1F8B39DC-D6A2-490B-BDE1-3D3F5E7F3609}.Debug|Any CPU.ActiveCfg = Debug|Any CPU
		{1F8B39DC-D6A2-490B-BDE1-3D3F5E7F3609}.Debug|Any CPU.Build.0 = Debug|Any CPU
		{1F8B39DC-D6A2-490B-BDE1-3D3F5E7F3609}.Release|Any CPU.ActiveCfg = Release|Any CPU
		{1F8B39DC-D6A2-490B-BDE1-3D3F5E7F3609}.Release|Any CPU.Build.0 = Release|Any CPU
		{C86DC371-92B8-40BA-A6B5-32D897E2522C}.Debug|Any CPU.ActiveCfg = Debug|Any CPU
		{C86DC371-92B8-40BA-A6B5-32D897E2522C}.Debug|Any CPU.Build.0 = Debug|Any CPU
		{C86DC371-92B8-40BA-A6B5-32D897E2522C}.Release|Any CPU.ActiveCfg = Release|Any CPU
		{C86DC371-92B8-40BA-A6B5-32D897E2522C}.Release|Any CPU.Build.0 = Release|Any CPU
		{0BE8E1BC-458D-4CA2-B6A9-856C334379EA}.Debug|Any CPU.ActiveCfg = Debug|Any CPU
		{0BE8E1BC-458D-4CA2-B6A9-856C334379EA}.Debug|Any CPU.Build.0 = Debug|Any CPU
		{0BE8E1BC-458D-4CA2-B6A9-856C334379EA}.Release|Any CPU.ActiveCfg = Release|Any CPU
		{0BE8E1BC-458D-4CA2-B6A9-856C334379EA}.Release|Any CPU.Build.0 = Release|Any CPU
	EndGlobalSection
	GlobalSection(SolutionProperties) = preSolution
		HideSolutionNode = FALSE
	EndGlobalSection
	GlobalSection(ExtensibilityGlobals) = postSolution
		SolutionGuid = {1F6AA5BC-673A-41D0-B1F1-BB92AF4C3C59}
	EndGlobalSection
EndGlobal
